// !$*UTF8*$!
{
	archiveVersion = 1;
	classes = {
	};
	objectVersion = 50;
	objects = {

/* Begin PBXBuildFile section */
		8C0E77F821247160000CD575 /* Home.storyboard in Resources */ = {isa = PBXBuildFile; fileRef = 8C0E77F621247160000CD575 /* Home.storyboard */; };
		8C0E77FA21247192000CD575 /* live.storyboard in Resources */ = {isa = PBXBuildFile; fileRef = 8C0E77F921247192000CD575 /* live.storyboard */; };
		8C0E77FD212471D9000CD575 /* Follow.storyboard in Resources */ = {isa = PBXBuildFile; fileRef = 8C0E77FB212471D9000CD575 /* Follow.storyboard */; };
		8C0E77FF212471FB000CD575 /* Profile.storyboard in Resources */ = {isa = PBXBuildFile; fileRef = 8C0E77FE212471FB000CD575 /* Profile.storyboard */; };
		8C4984D02121C0700030F141 /* AppDelegate.swift in Sources */ = {isa = PBXBuildFile; fileRef = 8C4984CF2121C0700030F141 /* AppDelegate.swift */; };
		8C4984D52121C0700030F141 /* Main.storyboard in Resources */ = {isa = PBXBuildFile; fileRef = 8C4984D32121C0700030F141 /* Main.storyboard */; };
		8C4984D72121C0710030F141 /* Assets.xcassets in Resources */ = {isa = PBXBuildFile; fileRef = 8C4984D62121C0710030F141 /* Assets.xcassets */; };
		8C4984DA2121C0710030F141 /* LaunchScreen.storyboard in Resources */ = {isa = PBXBuildFile; fileRef = 8C4984D82121C0710030F141 /* LaunchScreen.storyboard */; };
		8C4984E52121C0710030F141 /* DouYuExampleTests.swift in Sources */ = {isa = PBXBuildFile; fileRef = 8C4984E42121C0710030F141 /* DouYuExampleTests.swift */; };
		8C4984F02121C0710030F141 /* DouYuExampleUITests.swift in Sources */ = {isa = PBXBuildFile; fileRef = 8C4984EF2121C0710030F141 /* DouYuExampleUITests.swift */; };
		8CA53F8E213C185E006F48D3 /* UIBarButtonItemExtension.swift in Sources */ = {isa = PBXBuildFile; fileRef = 8CA53F8D213C185E006F48D3 /* UIBarButtonItemExtension.swift */; };
		8CA53F90213F6FD8006F48D3 /* PageTitleView.swift in Sources */ = {isa = PBXBuildFile; fileRef = 8CA53F8F213F6FD8006F48D3 /* PageTitleView.swift */; };
		8CB30ACE212969DE00731ED3 /* MainViewController.swift in Sources */ = {isa = PBXBuildFile; fileRef = 8CB30ACD212969DD00731ED3 /* MainViewController.swift */; };
		8CB30AE121296D8F00731ED3 /* HomeViewController.swift in Sources */ = {isa = PBXBuildFile; fileRef = 8CB30AE021296D8F00731ED3 /* HomeViewController.swift */; };
/* End PBXBuildFile section */

/* Begin PBXContainerItemProxy section */
		8C4984E12121C0710030F141 /* PBXContainerItemProxy */ = {
			isa = PBXContainerItemProxy;
			containerPortal = 8C4984C42121C0700030F141 /* Project object */;
			proxyType = 1;
			remoteGlobalIDString = 8C4984CB2121C0700030F141;
			remoteInfo = DouYuExample;
		};
		8C4984EC2121C0710030F141 /* PBXContainerItemProxy */ = {
			isa = PBXContainerItemProxy;
			containerPortal = 8C4984C42121C0700030F141 /* Project object */;
			proxyType = 1;
			remoteGlobalIDString = 8C4984CB2121C0700030F141;
			remoteInfo = DouYuExample;
		};
/* End PBXContainerItemProxy section */

/* Begin PBXFileReference section */
		8C0E77F721247160000CD575 /* Base */ = {isa = PBXFileReference; lastKnownFileType = file.storyboard; name = Base; path = DouYuExample/Classes/Main/Base.lproj/Home.storyboard; sourceTree = "<group>"; };
		8C0E77F921247192000CD575 /* live.storyboard */ = {isa = PBXFileReference; fileEncoding = 4; lastKnownFileType = file.storyboard; path = live.storyboard; sourceTree = "<group>"; };
		8C0E77FC212471D9000CD575 /* Base */ = {isa = PBXFileReference; lastKnownFileType = file.storyboard; name = Base; path = DouYuExample/Classes/Main/Base.lproj/Follow.storyboard; sourceTree = "<group>"; };
		8C0E77FE212471FB000CD575 /* Profile.storyboard */ = {isa = PBXFileReference; fileEncoding = 4; lastKnownFileType = file.storyboard; path = Profile.storyboard; sourceTree = "<group>"; };
		8C4984CC2121C0700030F141 /* DouYuExample.app */ = {isa = PBXFileReference; explicitFileType = wrapper.application; includeInIndex = 0; path = DouYuExample.app; sourceTree = BUILT_PRODUCTS_DIR; };
		8C4984CF2121C0700030F141 /* AppDelegate.swift */ = {isa = PBXFileReference; lastKnownFileType = sourcecode.swift; path = AppDelegate.swift; sourceTree = "<group>"; };
		8C4984D42121C0700030F141 /* Base */ = {isa = PBXFileReference; lastKnownFileType = file.storyboard; name = Base; path = Base.lproj/Main.storyboard; sourceTree = "<group>"; };
		8C4984D62121C0710030F141 /* Assets.xcassets */ = {isa = PBXFileReference; lastKnownFileType = folder.assetcatalog; path = Assets.xcassets; sourceTree = "<group>"; };
		8C4984D92121C0710030F141 /* Base */ = {isa = PBXFileReference; lastKnownFileType = file.storyboard; name = Base; path = Base.lproj/LaunchScreen.storyboard; sourceTree = "<group>"; };
		8C4984DB2121C0710030F141 /* Info.plist */ = {isa = PBXFileReference; lastKnownFileType = text.plist.xml; path = Info.plist; sourceTree = "<group>"; };
		8C4984E02121C0710030F141 /* DouYuExampleTests.xctest */ = {isa = PBXFileReference; explicitFileType = wrapper.cfbundle; includeInIndex = 0; path = DouYuExampleTests.xctest; sourceTree = BUILT_PRODUCTS_DIR; };
		8C4984E42121C0710030F141 /* DouYuExampleTests.swift */ = {isa = PBXFileReference; lastKnownFileType = sourcecode.swift; path = DouYuExampleTests.swift; sourceTree = "<group>"; };
		8C4984E62121C0710030F141 /* Info.plist */ = {isa = PBXFileReference; lastKnownFileType = text.plist.xml; path = Info.plist; sourceTree = "<group>"; };
		8C4984EB2121C0710030F141 /* DouYuExampleUITests.xctest */ = {isa = PBXFileReference; explicitFileType = wrapper.cfbundle; includeInIndex = 0; path = DouYuExampleUITests.xctest; sourceTree = BUILT_PRODUCTS_DIR; };
		8C4984EF2121C0710030F141 /* DouYuExampleUITests.swift */ = {isa = PBXFileReference; lastKnownFileType = sourcecode.swift; path = DouYuExampleUITests.swift; sourceTree = "<group>"; };
		8C4984F12121C0710030F141 /* Info.plist */ = {isa = PBXFileReference; lastKnownFileType = text.plist.xml; path = Info.plist; sourceTree = "<group>"; };
		8CA53F8D213C185E006F48D3 /* UIBarButtonItemExtension.swift */ = {isa = PBXFileReference; lastKnownFileType = sourcecode.swift; path = UIBarButtonItemExtension.swift; sourceTree = "<group>"; };
		8CA53F8F213F6FD8006F48D3 /* PageTitleView.swift */ = {isa = PBXFileReference; lastKnownFileType = sourcecode.swift; path = PageTitleView.swift; sourceTree = "<group>"; };
		8CB30ACD212969DD00731ED3 /* MainViewController.swift */ = {isa = PBXFileReference; fileEncoding = 4; lastKnownFileType = sourcecode.swift; path = MainViewController.swift; sourceTree = "<group>"; };
		8CB30AE021296D8F00731ED3 /* HomeViewController.swift */ = {isa = PBXFileReference; lastKnownFileType = sourcecode.swift; path = HomeViewController.swift; sourceTree = "<group>"; };
/* End PBXFileReference section */

/* Begin PBXFrameworksBuildPhase section */
		8C4984C92121C0700030F141 /* Frameworks */ = {
			isa = PBXFrameworksBuildPhase;
			buildActionMask = 2147483647;
			files = (
			);
			runOnlyForDeploymentPostprocessing = 0;
		};
		8C4984DD2121C0710030F141 /* Frameworks */ = {
			isa = PBXFrameworksBuildPhase;
			buildActionMask = 2147483647;
			files = (
			);
			runOnlyForDeploymentPostprocessing = 0;
		};
		8C4984E82121C0710030F141 /* Frameworks */ = {
			isa = PBXFrameworksBuildPhase;
			buildActionMask = 2147483647;
			files = (
			);
			runOnlyForDeploymentPostprocessing = 0;
		};
/* End PBXFrameworksBuildPhase section */

/* Begin PBXGroup section */
		8C0E77EF21246568000CD575 /* Classes */ = {
			isa = PBXGroup;
			children = (
				8C0E77F521246568000CD575 /* Main */,
				8C0E77F021246568000CD575 /* Home */,
				8C0E77F121246568000CD575 /* Tools */,
				8C0E77F221246568000CD575 /* Follow */,
				8C0E77F321246568000CD575 /* Profile */,
				8C0E77F421246568000CD575 /* Live */,
			);
			path = Classes;
			sourceTree = "<group>";
		};
		8C0E77F021246568000CD575 /* Home */ = {
			isa = PBXGroup;
			children = (
				8CB30AC72129692000731ED3 /* Model */,
				8CB30AC92129692000731ED3 /* View */,
				8CB30AC82129692000731ED3 /* Controller */,
			);
			path = Home;
			sourceTree = "<group>";
		};
		8C0E77F121246568000CD575 /* Tools */ = {
			isa = PBXGroup;
			children = (
				8CA53F8C213C1825006F48D3 /* Extension */,
			);
			path = Tools;
			sourceTree = "<group>";
		};
		8C0E77F221246568000CD575 /* Follow */ = {
			isa = PBXGroup;
			children = (
				8C0E77FB212471D9000CD575 /* Follow.storyboard */,
			);
			path = Follow;
			sourceTree = "<group>";
		};
		8C0E77F321246568000CD575 /* Profile */ = {
			isa = PBXGroup;
			children = (
				8C0E77FE212471FB000CD575 /* Profile.storyboard */,
			);
			path = Profile;
			sourceTree = "<group>";
		};
		8C0E77F421246568000CD575 /* Live */ = {
			isa = PBXGroup;
			children = (
				8C0E77F921247192000CD575 /* live.storyboard */,
			);
			path = Live;
			sourceTree = "<group>";
		};
		8C0E77F521246568000CD575 /* Main */ = {
			isa = PBXGroup;
			children = (
				8CB30ACA212969DD00731ED3 /* Model */,
				8CB30ACB212969DD00731ED3 /* View */,
				8CB30ACC212969DD00731ED3 /* Controller */,
			);
			path = Main;
			sourceTree = "<group>";
		};
		8C4984C32121C0700030F141 = {
			isa = PBXGroup;
			children = (
				8C4984CE2121C0700030F141 /* DouYuExample */,
				8C4984E32121C0710030F141 /* DouYuExampleTests */,
				8C4984EE2121C0710030F141 /* DouYuExampleUITests */,
				8C4984CD2121C0700030F141 /* Products */,
			);
			sourceTree = "<group>";
		};
		8C4984CD2121C0700030F141 /* Products */ = {
			isa = PBXGroup;
			children = (
				8C4984CC2121C0700030F141 /* DouYuExample.app */,
				8C4984E02121C0710030F141 /* DouYuExampleTests.xctest */,
				8C4984EB2121C0710030F141 /* DouYuExampleUITests.xctest */,
			);
			name = Products;
			sourceTree = "<group>";
		};
		8C4984CE2121C0700030F141 /* DouYuExample */ = {
			isa = PBXGroup;
			children = (
				8C0E77EF21246568000CD575 /* Classes */,
				8C4984CF2121C0700030F141 /* AppDelegate.swift */,
				8C4984D62121C0710030F141 /* Assets.xcassets */,
				8C4984D82121C0710030F141 /* LaunchScreen.storyboard */,
				8C4984DB2121C0710030F141 /* Info.plist */,
			);
			path = DouYuExample;
			sourceTree = "<group>";
		};
		8C4984E32121C0710030F141 /* DouYuExampleTests */ = {
			isa = PBXGroup;
			children = (
				8C4984E42121C0710030F141 /* DouYuExampleTests.swift */,
				8C4984E62121C0710030F141 /* Info.plist */,
			);
			path = DouYuExampleTests;
			sourceTree = "<group>";
		};
		8C4984EE2121C0710030F141 /* DouYuExampleUITests */ = {
			isa = PBXGroup;
			children = (
				8C4984EF2121C0710030F141 /* DouYuExampleUITests.swift */,
				8C4984F12121C0710030F141 /* Info.plist */,
			);
			path = DouYuExampleUITests;
			sourceTree = "<group>";
		};
		8CA53F8C213C1825006F48D3 /* Extension */ = {
			isa = PBXGroup;
			children = (
				8CA53F8D213C185E006F48D3 /* UIBarButtonItemExtension.swift */,
			);
			path = Extension;
			sourceTree = "<group>";
		};
		8CB30AC72129692000731ED3 /* Model */ = {
			isa = PBXGroup;
			children = (
			);
			path = Model;
			sourceTree = "<group>";
		};
		8CB30AC82129692000731ED3 /* Controller */ = {
			isa = PBXGroup;
			children = (
				8C0E77F621247160000CD575 /* Home.storyboard */,
				8CB30AE021296D8F00731ED3 /* HomeViewController.swift */,
			);
			path = Controller;
			sourceTree = "<group>";
		};
		8CB30AC92129692000731ED3 /* View */ = {
			isa = PBXGroup;
			children = (
			);
			path = View;
			sourceTree = "<group>";
		};
		8CB30ACA212969DD00731ED3 /* Model */ = {
			isa = PBXGroup;
			children = (
			);
			path = Model;
			sourceTree = "<group>";
		};
		8CB30ACB212969DD00731ED3 /* View */ = {
			isa = PBXGroup;
			children = (
				8CA53F8F213F6FD8006F48D3 /* PageTitleView.swift */,
			);
			path = View;
			sourceTree = "<group>";
		};
		8CB30ACC212969DD00731ED3 /* Controller */ = {
			isa = PBXGroup;
			children = (
				8C4984D32121C0700030F141 /* Main.storyboard */,
				8CB30ACD212969DD00731ED3 /* MainViewController.swift */,
			);
			path = Controller;
			sourceTree = "<group>";
		};
/* End PBXGroup section */

/* Begin PBXNativeTarget section */
		8C4984CB2121C0700030F141 /* DouYuExample */ = {
			isa = PBXNativeTarget;
			buildConfigurationList = 8C4984F42121C0720030F141 /* Build configuration list for PBXNativeTarget "DouYuExample" */;
			buildPhases = (
				8C4984C82121C0700030F141 /* Sources */,
				8C4984C92121C0700030F141 /* Frameworks */,
				8C4984CA2121C0700030F141 /* Resources */,
			);
			buildRules = (
			);
			dependencies = (
			);
			name = DouYuExample;
			productName = DouYuExample;
			productReference = 8C4984CC2121C0700030F141 /* DouYuExample.app */;
			productType = "com.apple.product-type.application";
		};
		8C4984DF2121C0710030F141 /* DouYuExampleTests */ = {
			isa = PBXNativeTarget;
			buildConfigurationList = 8C4984F72121C0720030F141 /* Build configuration list for PBXNativeTarget "DouYuExampleTests" */;
			buildPhases = (
				8C4984DC2121C0710030F141 /* Sources */,
				8C4984DD2121C0710030F141 /* Frameworks */,
				8C4984DE2121C0710030F141 /* Resources */,
			);
			buildRules = (
			);
			dependencies = (
				8C4984E22121C0710030F141 /* PBXTargetDependency */,
			);
			name = DouYuExampleTests;
			productName = DouYuExampleTests;
			productReference = 8C4984E02121C0710030F141 /* DouYuExampleTests.xctest */;
			productType = "com.apple.product-type.bundle.unit-test";
		};
		8C4984EA2121C0710030F141 /* DouYuExampleUITests */ = {
			isa = PBXNativeTarget;
			buildConfigurationList = 8C4984FA2121C0720030F141 /* Build configuration list for PBXNativeTarget "DouYuExampleUITests" */;
			buildPhases = (
				8C4984E72121C0710030F141 /* Sources */,
				8C4984E82121C0710030F141 /* Frameworks */,
				8C4984E92121C0710030F141 /* Resources */,
			);
			buildRules = (
			);
			dependencies = (
				8C4984ED2121C0710030F141 /* PBXTargetDependency */,
			);
			name = DouYuExampleUITests;
			productName = DouYuExampleUITests;
			productReference = 8C4984EB2121C0710030F141 /* DouYuExampleUITests.xctest */;
			productType = "com.apple.product-type.bundle.ui-testing";
		};
/* End PBXNativeTarget section */

/* Begin PBXProject section */
		8C4984C42121C0700030F141 /* Project object */ = {
			isa = PBXProject;
			attributes = {
				LastSwiftUpdateCheck = 0930;
				LastUpgradeCheck = 0930;
				ORGANIZATIONNAME = "李贝";
				TargetAttributes = {
					8C4984CB2121C0700030F141 = {
						CreatedOnToolsVersion = 9.3.1;
					};
					8C4984DF2121C0710030F141 = {
						CreatedOnToolsVersion = 9.3.1;
						TestTargetID = 8C4984CB2121C0700030F141;
					};
					8C4984EA2121C0710030F141 = {
						CreatedOnToolsVersion = 9.3.1;
						TestTargetID = 8C4984CB2121C0700030F141;
					};
				};
			};
			buildConfigurationList = 8C4984C72121C0700030F141 /* Build configuration list for PBXProject "DouYuExample" */;
			compatibilityVersion = "Xcode 9.3";
			developmentRegion = en;
			hasScannedForEncodings = 0;
			knownRegions = (
				en,
				Base,
			);
			mainGroup = 8C4984C32121C0700030F141;
			productRefGroup = 8C4984CD2121C0700030F141 /* Products */;
			projectDirPath = "";
			projectRoot = "";
			targets = (
				8C4984CB2121C0700030F141 /* DouYuExample */,
				8C4984DF2121C0710030F141 /* DouYuExampleTests */,
				8C4984EA2121C0710030F141 /* DouYuExampleUITests */,
			);
		};
/* End PBXProject section */

/* Begin PBXResourcesBuildPhase section */
		8C4984CA2121C0700030F141 /* Resources */ = {
			isa = PBXResourcesBuildPhase;
			buildActionMask = 2147483647;
			files = (
				8C4984DA2121C0710030F141 /* LaunchScreen.storyboard in Resources */,
				8C4984D72121C0710030F141 /* Assets.xcassets in Resources */,
				8C0E77FA21247192000CD575 /* live.storyboard in Resources */,
				8C4984D52121C0700030F141 /* Main.storyboard in Resources */,
				8C0E77F821247160000CD575 /* Home.storyboard in Resources */,
				8C0E77FF212471FB000CD575 /* Profile.storyboard in Resources */,
				8C0E77FD212471D9000CD575 /* Follow.storyboard in Resources */,
			);
			runOnlyForDeploymentPostprocessing = 0;
		};
		8C4984DE2121C0710030F141 /* Resources */ = {
			isa = PBXResourcesBuildPhase;
			buildActionMask = 2147483647;
			files = (
			);
			runOnlyForDeploymentPostprocessing = 0;
		};
		8C4984E92121C0710030F141 /* Resources */ = {
			isa = PBXResourcesBuildPhase;
			buildActionMask = 2147483647;
			files = (
			);
			runOnlyForDeploymentPostprocessing = 0;
		};
/* End PBXResourcesBuildPhase section */

/* Begin PBXSourcesBuildPhase section */
		8C4984C82121C0700030F141 /* Sources */ = {
			isa = PBXSourcesBuildPhase;
			buildActionMask = 2147483647;
			files = (
				8CB30ACE212969DE00731ED3 /* MainViewController.swift in Sources */,
				8C4984D02121C0700030F141 /* AppDelegate.swift in Sources */,
				8CA53F90213F6FD8006F48D3 /* PageTitleView.swift in Sources */,
				8CA53F8E213C185E006F48D3 /* UIBarButtonItemExtension.swift in Sources */,
				8CB30AE121296D8F00731ED3 /* HomeViewController.swift in Sources */,
			);
			runOnlyForDeploymentPostprocessing = 0;
		};
		8C4984DC2121C0710030F141 /* Sources */ = {
			isa = PBXSourcesBuildPhase;
			buildActionMask = 2147483647;
			files = (
				8C4984E52121C0710030F141 /* DouYuExampleTests.swift in Sources */,
			);
			runOnlyForDeploymentPostprocessing = 0;
		};
		8C4984E72121C0710030F141 /* Sources */ = {
			isa = PBXSourcesBuildPhase;
			buildActionMask = 2147483647;
			files = (
				8C4984F02121C0710030F141 /* DouYuExampleUITests.swift in Sources */,
			);
			runOnlyForDeploymentPostprocessing = 0;
		};
/* End PBXSourcesBuildPhase section */

/* Begin PBXTargetDependency section */
		8C4984E22121C0710030F141 /* PBXTargetDependency */ = {
			isa = PBXTargetDependency;
			target = 8C4984CB2121C0700030F141 /* DouYuExample */;
			targetProxy = 8C4984E12121C0710030F141 /* PBXContainerItemProxy */;
		};
		8C4984ED2121C0710030F141 /* PBXTargetDependency */ = {
			isa = PBXTargetDependency;
			target = 8C4984CB2121C0700030F141 /* DouYuExample */;
			targetProxy = 8C4984EC2121C0710030F141 /* PBXContainerItemProxy */;
		};
/* End PBXTargetDependency section */

/* Begin PBXVariantGroup section */
		8C0E77F621247160000CD575 /* Home.storyboard */ = {
			isa = PBXVariantGroup;
			children = (
				8C0E77F721247160000CD575 /* Base */,
			);
			name = Home.storyboard;
			sourceTree = "<group>";
		};
		8C0E77FB212471D9000CD575 /* Follow.storyboard */ = {
			isa = PBXVariantGroup;
			children = (
				8C0E77FC212471D9000CD575 /* Base */,
			);
			name = Follow.storyboard;
			sourceTree = "<group>";
		};
		8C4984D32121C0700030F141 /* Main.storyboard */ = {
			isa = PBXVariantGroup;
			children = (
				8C4984D42121C0700030F141 /* Base */,
			);
			name = Main.storyboard;
			sourceTree = "<group>";
		};
		8C4984D82121C0710030F141 /* LaunchScreen.storyboard */ = {
			isa = PBXVariantGroup;
			children = (
				8C4984D92121C0710030F141 /* Base */,
			);
			name = LaunchScreen.storyboard;
			sourceTree = "<group>";
		};
/* End PBXVariantGroup section */

/* Begin XCBuildConfiguration section */
		8C4984F22121C0710030F141 /* Debug */ = {
			isa = XCBuildConfiguration;
			buildSettings = {
				ALWAYS_SEARCH_USER_PATHS = NO;
				CLANG_ANALYZER_NONNULL = YES;
				CLANG_ANALYZER_NUMBER_OBJECT_CONVERSION = YES_AGGRESSIVE;
				CLANG_CXX_LANGUAGE_STANDARD = "gnu++14";
				CLANG_CXX_LIBRARY = "libc++";
				CLANG_ENABLE_MODULES = YES;
				CLANG_ENABLE_OBJC_ARC = YES;
				CLANG_ENABLE_OBJC_WEAK = YES;
				CLANG_WARN_BLOCK_CAPTURE_AUTORELEASING = YES;
				CLANG_WARN_BOOL_CONVERSION = YES;
				CLANG_WARN_COMMA = YES;
				CLANG_WARN_CONSTANT_CONVERSION = YES;
				CLANG_WARN_DEPRECATED_OBJC_IMPLEMENTATIONS = YES;
				CLANG_WARN_DIRECT_OBJC_ISA_USAGE = YES_ERROR;
				CLANG_WARN_DOCUMENTATION_COMMENTS = YES;
				CLANG_WARN_EMPTY_BODY = YES;
				CLANG_WARN_ENUM_CONVERSION = YES;
				CLANG_WARN_INFINITE_RECURSION = YES;
				CLANG_WARN_INT_CONVERSION = YES;
				CLANG_WARN_NON_LITERAL_NULL_CONVERSION = YES;
				CLANG_WARN_OBJC_IMPLICIT_RETAIN_SELF = YES;
				CLANG_WARN_OBJC_LITERAL_CONVERSION = YES;
				CLANG_WARN_OBJC_ROOT_CLASS = YES_ERROR;
				CLANG_WARN_RANGE_LOOP_ANALYSIS = YES;
				CLANG_WARN_STRICT_PROTOTYPES = YES;
				CLANG_WARN_SUSPICIOUS_MOVE = YES;
				CLANG_WARN_UNGUARDED_AVAILABILITY = YES_AGGRESSIVE;
				CLANG_WARN_UNREACHABLE_CODE = YES;
				CLANG_WARN__DUPLICATE_METHOD_MATCH = YES;
				CODE_SIGN_IDENTITY = "iPhone Developer";
				COPY_PHASE_STRIP = NO;
				DEBUG_INFORMATION_FORMAT = dwarf;
				ENABLE_STRICT_OBJC_MSGSEND = YES;
				ENABLE_TESTABILITY = YES;
				GCC_C_LANGUAGE_STANDARD = gnu11;
				GCC_DYNAMIC_NO_PIC = NO;
				GCC_NO_COMMON_BLOCKS = YES;
				GCC_OPTIMIZATION_LEVEL = 0;
				GCC_PREPROCESSOR_DEFINITIONS = (
					"DEBUG=1",
					"$(inherited)",
				);
				GCC_WARN_64_TO_32_BIT_CONVERSION = YES;
				GCC_WARN_ABOUT_RETURN_TYPE = YES_ERROR;
				GCC_WARN_UNDECLARED_SELECTOR = YES;
				GCC_WARN_UNINITIALIZED_AUTOS = YES_AGGRESSIVE;
				GCC_WARN_UNUSED_FUNCTION = YES;
				GCC_WARN_UNUSED_VARIABLE = YES;
				IPHONEOS_DEPLOYMENT_TARGET = 11.3;
				MTL_ENABLE_DEBUG_INFO = YES;
				ONLY_ACTIVE_ARCH = YES;
				SDKROOT = iphoneos;
				SWIFT_ACTIVE_COMPILATION_CONDITIONS = DEBUG;
				SWIFT_OPTIMIZATION_LEVEL = "-Onone";
			};
			name = Debug;
		};
		8C4984F32121C0710030F141 /* Release */ = {
			isa = XCBuildConfiguration;
			buildSettings = {
				ALWAYS_SEARCH_USER_PATHS = NO;
				CLANG_ANALYZER_NONNULL = YES;
				CLANG_ANALYZER_NUMBER_OBJECT_CONVERSION = YES_AGGRESSIVE;
				CLANG_CXX_LANGUAGE_STANDARD = "gnu++14";
				CLANG_CXX_LIBRARY = "libc++";
				CLANG_ENABLE_MODULES = YES;
				CLANG_ENABLE_OBJC_ARC = YES;
				CLANG_ENABLE_OBJC_WEAK = YES;
				CLANG_WARN_BLOCK_CAPTURE_AUTORELEASING = YES;
				CLANG_WARN_BOOL_CONVERSION = YES;
				CLANG_WARN_COMMA = YES;
				CLANG_WARN_CONSTANT_CONVERSION = YES;
				CLANG_WARN_DEPRECATED_OBJC_IMPLEMENTATIONS = YES;
				CLANG_WARN_DIRECT_OBJC_ISA_USAGE = YES_ERROR;
				CLANG_WARN_DOCUMENTATION_COMMENTS = YES;
				CLANG_WARN_EMPTY_BODY = YES;
				CLANG_WARN_ENUM_CONVERSION = YES;
				CLANG_WARN_INFINITE_RECURSION = YES;
				CLANG_WARN_INT_CONVERSION = YES;
				CLANG_WARN_NON_LITERAL_NULL_CONVERSION = YES;
				CLANG_WARN_OBJC_IMPLICIT_RETAIN_SELF = YES;
				CLANG_WARN_OBJC_LITERAL_CONVERSION = YES;
				CLANG_WARN_OBJC_ROOT_CLASS = YES_ERROR;
				CLANG_WARN_RANGE_LOOP_ANALYSIS = YES;
				CLANG_WARN_STRICT_PROTOTYPES = YES;
				CLANG_WARN_SUSPICIOUS_MOVE = YES;
				CLANG_WARN_UNGUARDED_AVAILABILITY = YES_AGGRESSIVE;
				CLANG_WARN_UNREACHABLE_CODE = YES;
				CLANG_WARN__DUPLICATE_METHOD_MATCH = YES;
				CODE_SIGN_IDENTITY = "iPhone Developer";
				COPY_PHASE_STRIP = NO;
				DEBUG_INFORMATION_FORMAT = "dwarf-with-dsym";
				ENABLE_NS_ASSERTIONS = NO;
				ENABLE_STRICT_OBJC_MSGSEND = YES;
				GCC_C_LANGUAGE_STANDARD = gnu11;
				GCC_NO_COMMON_BLOCKS = YES;
				GCC_WARN_64_TO_32_BIT_CONVERSION = YES;
				GCC_WARN_ABOUT_RETURN_TYPE = YES_ERROR;
				GCC_WARN_UNDECLARED_SELECTOR = YES;
				GCC_WARN_UNINITIALIZED_AUTOS = YES_AGGRESSIVE;
				GCC_WARN_UNUSED_FUNCTION = YES;
				GCC_WARN_UNUSED_VARIABLE = YES;
				IPHONEOS_DEPLOYMENT_TARGET = 11.3;
				MTL_ENABLE_DEBUG_INFO = NO;
				SDKROOT = iphoneos;
				SWIFT_COMPILATION_MODE = wholemodule;
				SWIFT_OPTIMIZATION_LEVEL = "-O";
				VALIDATE_PRODUCT = YES;
			};
			name = Release;
		};
		8C4984F52121C0720030F141 /* Debug */ = {
			isa = XCBuildConfiguration;
			buildSettings = {
				ASSETCATALOG_COMPILER_APPICON_NAME = AppIcon;
				ASSETCATALOG_COMPILER_LAUNCHIMAGE_NAME = LaunchImage;
				CODE_SIGN_STYLE = Automatic;
				DEVELOPMENT_TEAM = PB2LQ5AWXW;
				INFOPLIST_FILE = DouYuExample/Info.plist;
				IPHONEOS_DEPLOYMENT_TARGET = 9.0;
				LD_RUNPATH_SEARCH_PATHS = (
					"$(inherited)",
					"@executable_path/Frameworks",
				);
				PRODUCT_BUNDLE_IDENTIFIER = com.appcoda.GMapsDemo.DouYuExample;
				PRODUCT_NAME = "$(TARGET_NAME)";
				SWIFT_VERSION = 4.0;
				TARGETED_DEVICE_FAMILY = "1,2";
			};
			name = Debug;
		};
		8C4984F62121C0720030F141 /* Release */ = {
			isa = XCBuildConfiguration;
			buildSettings = {
				ASSETCATALOG_COMPILER_APPICON_NAME = AppIcon;
				ASSETCATALOG_COMPILER_LAUNCHIMAGE_NAME = LaunchImage;
				CODE_SIGN_STYLE = Automatic;
				DEVELOPMENT_TEAM = PB2LQ5AWXW;
				INFOPLIST_FILE = DouYuExample/Info.plist;
				IPHONEOS_DEPLOYMENT_TARGET = 9.0;
				LD_RUNPATH_SEARCH_PATHS = (
					"$(inherited)",
					"@executable_path/Frameworks",
				);
				PRODUCT_BUNDLE_IDENTIFIER = com.appcoda.GMapsDemo.DouYuExample;
				PRODUCT_NAME = "$(TARGET_NAME)";
				SWIFT_VERSION = 4.0;
				TARGETED_DEVICE_FAMILY = "1,2";
			};
			name = Release;
		};
		8C4984F82121C0720030F141 /* Debug */ = {
			isa = XCBuildConfiguration;
			buildSettings = {
				ALWAYS_EMBED_SWIFT_STANDARD_LIBRARIES = YES;
				BUNDLE_LOADER = "$(TEST_HOST)";
				CODE_SIGN_STYLE = Automatic;
				DEVELOPMENT_TEAM = PB2LQ5AWXW;
				INFOPLIST_FILE = DouYuExampleTests/Info.plist;
				LD_RUNPATH_SEARCH_PATHS = (
					"$(inherited)",
					"@executable_path/Frameworks",
					"@loader_path/Frameworks",
				);
				PRODUCT_BUNDLE_IDENTIFIER = com.appcoda.GMapsDemo.DouYuExampleTests;
				PRODUCT_NAME = "$(TARGET_NAME)";
				SWIFT_VERSION = 4.0;
				TARGETED_DEVICE_FAMILY = "1,2";
				TEST_HOST = "$(BUILT_PRODUCTS_DIR)/DouYuExample.app/DouYuExample";
			};
			name = Debug;
		};
		8C4984F92121C0720030F141 /* Release */ = {
			isa = XCBuildConfiguration;
			buildSettings = {
				ALWAYS_EMBED_SWIFT_STANDARD_LIBRARIES = YES;
				BUNDLE_LOADER = "$(TEST_HOST)";
				CODE_SIGN_STYLE = Automatic;
				DEVELOPMENT_TEAM = PB2LQ5AWXW;
				INFOPLIST_FILE = DouYuExampleTests/Info.plist;
				LD_RUNPATH_SEARCH_PATHS = (
					"$(inherited)",
					"@executable_path/Frameworks",
					"@loader_path/Frameworks",
				);
				PRODUCT_BUNDLE_IDENTIFIER = com.appcoda.GMapsDemo.DouYuExampleTests;
				PRODUCT_NAME = "$(TARGET_NAME)";
				SWIFT_VERSION = 4.0;
				TARGETED_DEVICE_FAMILY = "1,2";
				TEST_HOST = "$(BUILT_PRODUCTS_DIR)/DouYuExample.app/DouYuExample";
			};
			name = Release;
		};
		8C4984FB2121C0720030F141 /* Debug */ = {
			isa = XCBuildConfiguration;
			buildSettings = {
				ALWAYS_EMBED_SWIFT_STANDARD_LIBRARIES = YES;
				CODE_SIGN_STYLE = Automatic;
				DEVELOPMENT_TEAM = PB2LQ5AWXW;
				INFOPLIST_FILE = DouYuExampleUITests/Info.plist;
				LD_RUNPATH_SEARCH_PATHS = (
					"$(inherited)",
					"@executable_path/Frameworks",
					"@loader_path/Frameworks",
				);
				PRODUCT_BUNDLE_IDENTIFIER = com.appcoda.GMapsDemo.DouYuExampleUITests;
				PRODUCT_NAME = "$(TARGET_NAME)";
				SWIFT_VERSION = 4.0;
				TARGETED_DEVICE_FAMILY = "1,2";
				TEST_TARGET_NAME = DouYuExample;
			};
			name = Debug;
		};
		8C4984FC2121C0720030F141 /* Release */ = {
			isa = XCBuildConfiguration;
			buildSettings = {
				ALWAYS_EMBED_SWIFT_STANDARD_LIBRARIES = YES;
				CODE_SIGN_STYLE = Automatic;
				DEVELOPMENT_TEAM = PB2LQ5AWXW;
				INFOPLIST_FILE = DouYuExampleUITests/Info.plist;
				LD_RUNPATH_SEARCH_PATHS = (
					"$(inherited)",
					"@executable_path/Frameworks",
					"@loader_path/Frameworks",
				);
				PRODUCT_BUNDLE_IDENTIFIER = com.appcoda.GMapsDemo.DouYuExampleUITests;
				PRODUCT_NAME = "$(TARGET_NAME)";
				SWIFT_VERSION = 4.0;
				TARGETED_DEVICE_FAMILY = "1,2";
				TEST_TARGET_NAME = DouYuExample;
			};
			name = Release;
		};
/* End XCBuildConfiguration section */

/* Begin XCConfigurationList section */
		8C4984C72121C0700030F141 /* Build configuration list for PBXProject "DouYuExample" */ = {
			isa = XCConfigurationList;
			buildConfigurations = (
				8C4984F22121C0710030F141 /* Debug */,
				8C4984F32121C0710030F141 /* Release */,
			);
			defaultConfigurationIsVisible = 0;
			defaultConfigurationName = Release;
		};
		8C4984F42121C0720030F141 /* Build configuration list for PBXNativeTarget "DouYuExample" */ = {
			isa = XCConfigurationList;
			buildConfigurations = (
				8C4984F52121C0720030F141 /* Debug */,
				8C4984F62121C0720030F141 /* Release */,
			);
			defaultConfigurationIsVisible = 0;
			defaultConfigurationName = Release;
		};
		8C4984F72121C0720030F141 /* Build configuration list for PBXNativeTarget "DouYuExampleTests" */ = {
			isa = XCConfigurationList;
			buildConfigurations = (
				8C4984F82121C0720030F141 /* Debug */,
				8C4984F92121C0720030F141 /* Release */,
			);
			defaultConfigurationIsVisible = 0;
			defaultConfigurationName = Release;
		};
		8C4984FA2121C0720030F141 /* Build configuration list for PBXNativeTarget "DouYuExampleUITests" */ = {
			isa = XCConfigurationList;
			buildConfigurations = (
				8C4984FB2121C0720030F141 /* Debug */,
				8C4984FC2121C0720030F141 /* Release */,
			);
			defaultConfigurationIsVisible = 0;
			defaultConfigurationName = Release;
		};
/* End XCConfigurationList section */
	};
	rootObject = 8C4984C42121C0700030F141 /* Project object */;
}
